
Microsoft Visual Studio Solution File, Format Version 12.00
# Visual Studio Version 17
VisualStudioVersion = 17.4.33205.214
MinimumVisualStudioVersion = 10.0.40219.1
Project("{FAE04EC0-301F-11D3-BF4B-00C04F79EFBC}") = "Project", "Project\Project.csproj", "{2DBF9563-E4FF-467C-9A9F-ED822C1522F4}"
EndProject
Project("{FAE04EC0-301F-11D3-BF4B-00C04F79EFBC}") = "Models", "Models\Models.csproj", "{6F877B8F-5710-461F-912D-D68D8C1F225F}"
EndProject
Project("{FAE04EC0-301F-11D3-BF4B-00C04F79EFBC}") = "DataAccess", "DataAccess\DataAccess.csproj", "{1F648382-F0CE-473D-83A9-0607E1463D37}"
EndProject
Project("{FAE04EC0-301F-11D3-BF4B-00C04F79EFBC}") = "Utility", "Utility\Utility.csproj", "{9A354CA8-9C45-4789-BD79-D37AC1472D20}"
EndProject
Global
	GlobalSection(SolutionConfigurationPlatforms) = preSolution
		Debug|Any CPU = Debug|Any CPU
		Release|Any CPU = Release|Any CPU
	EndGlobalSection
	GlobalSection(ProjectConfigurationPlatforms) = postSolution
		{2DBF9563-E4FF-467C-9A9F-ED822C1522F4}.Debug|Any CPU.ActiveCfg = Debug|Any CPU
		{2DBF9563-E4FF-467C-9A9F-ED822C1522F4}.Debug|Any CPU.Build.0 = Debug|Any CPU
		{2DBF9563-E4FF-467C-9A9F-ED822C1522F4}.Release|Any CPU.ActiveCfg = Release|Any CPU
		{2DBF9563-E4FF-467C-9A9F-ED822C1522F4}.Release|Any CPU.Build.0 = Release|Any CPU
		{6F877B8F-5710-461F-912D-D68D8C1F225F}.Debug|Any CPU.ActiveCfg = Debug|Any CPU
		{6F877B8F-5710-461F-912D-D68D8C1F225F}.Debug|Any CPU.Build.0 = Debug|Any CPU
		{6F877B8F-5710-461F-912D-D68D8C1F225F}.Release|Any CPU.ActiveCfg = Release|Any CPU
		{6F877B8F-5710-461F-912D-D68D8C1F225F}.Release|Any CPU.Build.0 = Release|Any CPU
		{1F648382-F0CE-473D-83A9-0607E1463D37}.Debug|Any CPU.ActiveCfg = Debug|Any CPU
		{1F648382-F0CE-473D-83A9-0607E1463D37}.Debug|Any CPU.Build.0 = Debug|Any CPU
		{1F648382-F0CE-473D-83A9-0607E1463D37}.Release|Any CPU.ActiveCfg = Release|Any CPU
		{1F648382-F0CE-473D-83A9-0607E1463D37}.Release|Any CPU.Build.0 = Release|Any CPU
		{9A354CA8-9C45-4789-BD79-D37AC1472D20}.Debug|Any CPU.ActiveCfg = Debug|Any CPU
		{9A354CA8-9C45-4789-BD79-D37AC1472D20}.Debug|Any CPU.Build.0 = Debug|Any CPU
		{9A354CA8-9C45-4789-BD79-D37AC1472D20}.Release|Any CPU.ActiveCfg = Release|Any CPU
		{9A354CA8-9C45-4789-BD79-D37AC1472D20}.Release|Any CPU.Build.0 = Release|Any CPU
	EndGlobalSection
	GlobalSection(SolutionProperties) = preSolution
		HideSolutionNode = FALSE
	EndGlobalSection
	GlobalSection(ExtensibilityGlobals) = postSolution
		SolutionGuid = {45B6A92D-1F88-4DB3-9D77-1AA0EA8EF543}
	EndGlobalSection
EndGlobal
